
Microsoft Visual Studio Solution File, Format Version 12.00
# Visual Studio Version 16
VisualStudioVersion = 16.0.32228.343
MinimumVisualStudioVersion = 10.0.40219.1
Project("{FAE04EC0-301F-11D3-BF4B-00C04F79EFBC}") = "Assi_one_Qten_Sneha", "Assi_one_Qten_Sneha\Assi_one_Qten_Sneha.csproj", "{D4F96A8B-E7C6-4A83-B0D8-48201702BB13}"
EndProject
Global
	GlobalSection(SolutionConfigurationPlatforms) = preSolution
		Debug|Any CPU = Debug|Any CPU
		Release|Any CPU = Release|Any CPU
	EndGlobalSection
	GlobalSection(ProjectConfigurationPlatforms) = postSolution
		{D4F96A8B-E7C6-4A83-B0D8-48201702BB13}.Debug|Any CPU.ActiveCfg = Debug|Any CPU
		{D4F96A8B-E7C6-4A83-B0D8-48201702BB13}.Debug|Any CPU.Build.0 = Debug|Any CPU
		{D4F96A8B-E7C6-4A83-B0D8-48201702BB13}.Release|Any CPU.ActiveCfg = Release|Any CPU
		{D4F96A8B-E7C6-4A83-B0D8-48201702BB13}.Release|Any CPU.Build.0 = Release|Any CPU
	EndGlobalSection
	GlobalSection(SolutionProperties) = preSolution
		HideSolutionNode = FALSE
	EndGlobalSection
	GlobalSection(ExtensibilityGlobals) = postSolution
		SolutionGuid = {A86B2642-564E-4D5E-9CB5-366855879326}
	EndGlobalSection
EndGlobal
