
Microsoft Visual Studio Solution File, Format Version 12.00
# Visual Studio Version 16
VisualStudioVersion = 16.0.32228.343
MinimumVisualStudioVersion = 10.0.40219.1
Project("{FAE04EC0-301F-11D3-BF4B-00C04F79EFBC}") = "assi_usertwo_Sneha", "assi_usertwo_Sneha\assi_usertwo_Sneha.csproj", "{D86BA51F-43D6-4587-AE9A-589818170BC1}"
EndProject
Global
	GlobalSection(SolutionConfigurationPlatforms) = preSolution
		Debug|Any CPU = Debug|Any CPU
		Release|Any CPU = Release|Any CPU
	EndGlobalSection
	GlobalSection(ProjectConfigurationPlatforms) = postSolution
		{D86BA51F-43D6-4587-AE9A-589818170BC1}.Debug|Any CPU.ActiveCfg = Debug|Any CPU
		{D86BA51F-43D6-4587-AE9A-589818170BC1}.Debug|Any CPU.Build.0 = Debug|Any CPU
		{D86BA51F-43D6-4587-AE9A-589818170BC1}.Release|Any CPU.ActiveCfg = Release|Any CPU
		{D86BA51F-43D6-4587-AE9A-589818170BC1}.Release|Any CPU.Build.0 = Release|Any CPU
	EndGlobalSection
	GlobalSection(SolutionProperties) = preSolution
		HideSolutionNode = FALSE
	EndGlobalSection
	GlobalSection(ExtensibilityGlobals) = postSolution
		SolutionGuid = {CD5689E4-989A-4432-B1F9-D94313247678}
	EndGlobalSection
EndGlobal
