
Microsoft Visual Studio Solution File, Format Version 12.00
# Visual Studio Version 16
VisualStudioVersion = 16.0.32228.343
MinimumVisualStudioVersion = 10.0.40219.1
Project("{FAE04EC0-301F-11D3-BF4B-00C04F79EFBC}") = "assi_userthree_Sneha", "assi_userthree_Sneha\assi_userthree_Sneha.csproj", "{D86611E5-5BC8-4C1C-8A90-31BD7A551924}"
EndProject
Global
	GlobalSection(SolutionConfigurationPlatforms) = preSolution
		Debug|Any CPU = Debug|Any CPU
		Release|Any CPU = Release|Any CPU
	EndGlobalSection
	GlobalSection(ProjectConfigurationPlatforms) = postSolution
		{D86611E5-5BC8-4C1C-8A90-31BD7A551924}.Debug|Any CPU.ActiveCfg = Debug|Any CPU
		{D86611E5-5BC8-4C1C-8A90-31BD7A551924}.Debug|Any CPU.Build.0 = Debug|Any CPU
		{D86611E5-5BC8-4C1C-8A90-31BD7A551924}.Release|Any CPU.ActiveCfg = Release|Any CPU
		{D86611E5-5BC8-4C1C-8A90-31BD7A551924}.Release|Any CPU.Build.0 = Release|Any CPU
	EndGlobalSection
	GlobalSection(SolutionProperties) = preSolution
		HideSolutionNode = FALSE
	EndGlobalSection
	GlobalSection(ExtensibilityGlobals) = postSolution
		SolutionGuid = {8C2CD1BF-B692-4644-BBF9-ADD7AA2D3007}
	EndGlobalSection
EndGlobal
