
Microsoft Visual Studio Solution File, Format Version 12.00
# Visual Studio Version 16
VisualStudioVersion = 16.0.32228.343
MinimumVisualStudioVersion = 10.0.40219.1
Project("{FAE04EC0-301F-11D3-BF4B-00C04F79EFBC}") = "Assi_one_Qfive_Sneha", "Assi_one_Qfive_Sneha\Assi_one_Qfive_Sneha.csproj", "{5F1DCAB7-1A2F-4D6C-A6BF-80AB70FA03DE}"
EndProject
Global
	GlobalSection(SolutionConfigurationPlatforms) = preSolution
		Debug|Any CPU = Debug|Any CPU
		Release|Any CPU = Release|Any CPU
	EndGlobalSection
	GlobalSection(ProjectConfigurationPlatforms) = postSolution
		{5F1DCAB7-1A2F-4D6C-A6BF-80AB70FA03DE}.Debug|Any CPU.ActiveCfg = Debug|Any CPU
		{5F1DCAB7-1A2F-4D6C-A6BF-80AB70FA03DE}.Debug|Any CPU.Build.0 = Debug|Any CPU
		{5F1DCAB7-1A2F-4D6C-A6BF-80AB70FA03DE}.Release|Any CPU.ActiveCfg = Release|Any CPU
		{5F1DCAB7-1A2F-4D6C-A6BF-80AB70FA03DE}.Release|Any CPU.Build.0 = Release|Any CPU
	EndGlobalSection
	GlobalSection(SolutionProperties) = preSolution
		HideSolutionNode = FALSE
	EndGlobalSection
	GlobalSection(ExtensibilityGlobals) = postSolution
		SolutionGuid = {B832FD56-7B98-4C1D-B76A-65F979B195E5}
	EndGlobalSection
EndGlobal
